<?xml version="1.0" encoding="utf-8"?>
<Project ToolsVersion="4.0" xmlns="http://schemas.microsoft.com/developer/msbuild/2003">
  <ItemGroup>
    <Filter Include="Source Files">
      <UniqueIdentifier>{4FC737F1-C7A5-4376-A066-2A32D752A2FF}</UniqueIdentifier>
      <Extensions>cpp;c;cc;cxx;c++;cppm;ixx;def;odl;idl;hpj;bat;asm;asmx</Extensions>
    </Filter>
    <Filter Include="Header Files">
      <UniqueIdentifier>{93995380-89BD-4b04-88EB-625FBE52EBFB}</UniqueIdentifier>
      <Extensions>h;hh;hpp;hxx;h++;hm;inl;inc;ipp;xsd</Extensions>
    </Filter>
    <Filter Include="Resource Files">
      <UniqueIdentifier>{67DA6AB6-F800-4c08-8B7A-83BB121AAD01}</UniqueIdentifier>
      <Extensions>rc;ico;cur;bmp;dlg;rc2;rct;bin;rgs;gif;jpg;jpeg;jpe;resx;tiff;tif;png;wav;mfcribbon-ms</Extensions>
    </Filter>
    <Filter Include="Test Files">
      <UniqueIdentifier>{2393a4e0-fda4-4ac3-8e64-4339dbeb1524}</UniqueIdentifier>
    </Filter>
    <Filter Include="Source Files\websocket">
      <UniqueIdentifier>{19642b87-4805-439e-89c5-08b7a5b08549}</UniqueIdentifier>
    </Filter>
    <Filter Include="Source Files\websocket\dto">
      <UniqueIdentifier>{a81516e0-3cf4-4ed8-8eb0-878fe8646c5c}</UniqueIdentifier>
    </Filter>
    <Filter Include="Header Files\websocket">
      <UniqueIdentifier>{8ab51198-9f37-4dad-847d-20074c4a6a13}</UniqueIdentifier>
    </Filter>
    <Filter Include="Header Files\websocket\dto">
      <UniqueIdentifier>{ee7fd9b9-182d-4d1a-8c15-4ab2b7220e22}</UniqueIdentifier>
    </Filter>
  </ItemGroup>
  <ItemGroup>
    <ClInclude Include="agent.h">
      <Filter>Header Files</Filter>
    </ClInclude>
    <ClInclude Include="BitBoard.h">
      <Filter>Header Files</Filter>
    </ClInclude>
    <ClInclude Include="chess.h">
      <Filter>Header Files</Filter>
    </ClInclude>
    <ClInclude Include="move.h">
      <Filter>Header Files</Filter>
    </ClInclude>
    <ClInclude Include="utility.h">
      <Filter>Header Files</Filter>
    </ClInclude>
    <ClInclude Include="chessController.h">
      <Filter>Header Files</Filter>
    </ClInclude>
    <ClInclude Include="chessServer.h">
      <Filter>Header Files</Filter>
    </ClInclude>
    <ClInclude Include="websocket\dto\endGameRequest.h">
      <Filter>Header Files\websocket\dto</Filter>
    </ClInclude>
    <ClInclude Include="websocket\dto\endGameResponse.h">
      <Filter>Header Files\websocket\dto</Filter>
    </ClInclude>
    <ClInclude Include="websocket\dto\getValidMovesRequest.h">
      <Filter>Header Files\websocket\dto</Filter>
    </ClInclude>
    <ClInclude Include="websocket\dto\getValidMovesResponse.h">
      <Filter>Header Files\websocket\dto</Filter>
    </ClInclude>
    <ClInclude Include="websocket\dto\makeMoveRequest.h">
      <Filter>Header Files\websocket\dto</Filter>
    </ClInclude>
    <ClInclude Include="websocket\dto\makeMoveResponse.h">
      <Filter>Header Files\websocket\dto</Filter>
    </ClInclude>
    <ClInclude Include="websocket\dto\message.h">
      <Filter>Header Files\websocket\dto</Filter>
    </ClInclude>
    <ClInclude Include="websocket\dto\startGameRequest.h">
      <Filter>Header Files\websocket\dto</Filter>
    </ClInclude>
    <ClInclude Include="websocket\dto\startGameResponse.h">
      <Filter>Header Files\websocket\dto</Filter>
    </ClInclude>
    <ClInclude Include="websocket\dto\updateClientRequest.h">
      <Filter>Header Files\websocket\dto</Filter>
    </ClInclude>
    <ClInclude Include="websocket\dto\updateClientResponse.h">
      <Filter>Header Files\websocket\dto</Filter>
    </ClInclude>
    <ClInclude Include="websocket\webSocketManager.h">
      <Filter>Header Files\websocket</Filter>
    </ClInclude>
  </ItemGroup>
  <ItemGroup>
    <ClCompile Include="agent.cpp">
      <Filter>Source Files</Filter>
    </ClCompile>
    <ClCompile Include="BitBoard.cpp">
      <Filter>Source Files</Filter>
    </ClCompile>
    <ClCompile Include="chess.cpp">
      <Filter>Source Files</Filter>
    </ClCompile>
    <ClCompile Include="move.cpp">
      <Filter>Source Files</Filter>
    </ClCompile>
    <ClCompile Include="utility.cpp">
      <Filter>Source Files</Filter>
    </ClCompile>
    <ClCompile Include="main.cpp">
      <Filter>Source Files</Filter>
    </ClCompile>
    <ClCompile Include="chessController.cpp">
      <Filter>Source Files</Filter>
    </ClCompile>
    <ClCompile Include="chessServer.cpp">
      <Filter>Source Files</Filter>
    </ClCompile>
    <ClCompile Include="websocket\dto\endGameRequest.cpp">
      <Filter>Source Files\websocket\dto</Filter>
    </ClCompile>
    <ClCompile Include="websocket\dto\endGameResponse.cpp">
      <Filter>Source Files\websocket\dto</Filter>
    </ClCompile>
    <ClCompile Include="websocket\dto\getValidMovesRequest.cpp">
      <Filter>Source Files\websocket\dto</Filter>
    </ClCompile>
    <ClCompile Include="websocket\dto\getValidMovesResponse.cpp">
      <Filter>Source Files\websocket\dto</Filter>
    </ClCompile>
    <ClCompile Include="websocket\dto\makeMoveRequest.cpp">
      <Filter>Source Files\websocket\dto</Filter>
    </ClCompile>
    <ClCompile Include="websocket\dto\makeMoveResponse.cpp">
      <Filter>Source Files\websocket\dto</Filter>
    </ClCompile>
    <ClCompile Include="websocket\dto\message.cpp">
      <Filter>Source Files\websocket\dto</Filter>
    </ClCompile>
    <ClCompile Include="websocket\dto\startGameRequest.cpp">
      <Filter>Source Files\websocket\dto</Filter>
    </ClCompile>
    <ClCompile Include="websocket\dto\startGameResponse.cpp">
      <Filter>Source Files\websocket\dto</Filter>
    </ClCompile>
    <ClCompile Include="websocket\dto\updateClientRequest.cpp">
      <Filter>Source Files\websocket\dto</Filter>
    </ClCompile>
    <ClCompile Include="websocket\dto\updateClientResponse.cpp">
      <Filter>Source Files\websocket\dto</Filter>
    </ClCompile>
    <ClCompile Include="websocket\webSocketManager.cpp">
      <Filter>Source Files\websocket</Filter>
    </ClCompile>
  </ItemGroup>
  <ItemGroup>
    <None Include="packages.config" />
  </ItemGroup>
</Project>